
Microsoft Visual Studio Solution File, Format Version 12.00
Project("{FAE04EC0-301F-11D3-BF4B-00C04F79EFBC}") = "SplitListApp", "SplitListApp\SplitListApp\SplitListApp.csproj", "{CCFF592F-A09A-490E-B1ED-0A71D7DD0487}"
EndProject
Project("{FAE04EC0-301F-11D3-BF4B-00C04F79EFBC}") = "SplitListApp.Android", "SplitListApp\SplitListApp.Android\SplitListApp.Android.csproj", "{5F980A50-D5B8-43A0-8E26-0B1979C47448}"
EndProject
Global
	GlobalSection(SolutionConfigurationPlatforms) = preSolution
		Ad-Hoc|iPhone = Ad-Hoc|iPhone
		AppStore|iPhone = AppStore|iPhone
		Debug|Any CPU = Debug|Any CPU
		Debug|iPhone = Debug|iPhone
		Debug|iPhoneSimulator = Debug|iPhoneSimulator
		Release|Any CPU = Release|Any CPU
		Release|iPhone = Release|iPhone
		Release|iPhoneSimulator = Release|iPhoneSimulator
	EndGlobalSection
	GlobalSection(ProjectConfigurationPlatforms) = postSolution
		{CCFF592F-A09A-490E-B1ED-0A71D7DD0487}.Ad-Hoc|iPhone.ActiveCfg = Debug|Any CPU
		{CCFF592F-A09A-490E-B1ED-0A71D7DD0487}.Ad-Hoc|iPhone.Build.0 = Debug|Any CPU
		{CCFF592F-A09A-490E-B1ED-0A71D7DD0487}.AppStore|iPhone.ActiveCfg = Debug|Any CPU
		{CCFF592F-A09A-490E-B1ED-0A71D7DD0487}.AppStore|iPhone.Build.0 = Debug|Any CPU
		{CCFF592F-A09A-490E-B1ED-0A71D7DD0487}.Debug|Any CPU.ActiveCfg = Debug|Any CPU
		{CCFF592F-A09A-490E-B1ED-0A71D7DD0487}.Debug|Any CPU.Build.0 = Debug|Any CPU
		{CCFF592F-A09A-490E-B1ED-0A71D7DD0487}.Debug|iPhone.ActiveCfg = Debug|Any CPU
		{CCFF592F-A09A-490E-B1ED-0A71D7DD0487}.Debug|iPhone.Build.0 = Debug|Any CPU
		{CCFF592F-A09A-490E-B1ED-0A71D7DD0487}.Debug|iPhoneSimulator.ActiveCfg = Debug|Any CPU
		{CCFF592F-A09A-490E-B1ED-0A71D7DD0487}.Debug|iPhoneSimulator.Build.0 = Debug|Any CPU
		{CCFF592F-A09A-490E-B1ED-0A71D7DD0487}.Release|Any CPU.ActiveCfg = Release|Any CPU
		{CCFF592F-A09A-490E-B1ED-0A71D7DD0487}.Release|Any CPU.Build.0 = Release|Any CPU
		{CCFF592F-A09A-490E-B1ED-0A71D7DD0487}.Release|iPhone.ActiveCfg = Release|Any CPU
		{CCFF592F-A09A-490E-B1ED-0A71D7DD0487}.Release|iPhone.Build.0 = Release|Any CPU
		{CCFF592F-A09A-490E-B1ED-0A71D7DD0487}.Release|iPhoneSimulator.ActiveCfg = Release|Any CPU
		{CCFF592F-A09A-490E-B1ED-0A71D7DD0487}.Release|iPhoneSimulator.Build.0 = Release|Any CPU
		{5F980A50-D5B8-43A0-8E26-0B1979C47448}.Ad-Hoc|iPhone.ActiveCfg = Debug|Any CPU
		{5F980A50-D5B8-43A0-8E26-0B1979C47448}.Ad-Hoc|iPhone.Build.0 = Debug|Any CPU
		{5F980A50-D5B8-43A0-8E26-0B1979C47448}.Ad-Hoc|iPhone.Deploy.0 = Debug|Any CPU
		{5F980A50-D5B8-43A0-8E26-0B1979C47448}.AppStore|iPhone.ActiveCfg = Debug|Any CPU
		{5F980A50-D5B8-43A0-8E26-0B1979C47448}.AppStore|iPhone.Build.0 = Debug|Any CPU
		{5F980A50-D5B8-43A0-8E26-0B1979C47448}.AppStore|iPhone.Deploy.0 = Debug|Any CPU
		{5F980A50-D5B8-43A0-8E26-0B1979C47448}.Debug|Any CPU.ActiveCfg = Debug|Any CPU
		{5F980A50-D5B8-43A0-8E26-0B1979C47448}.Debug|Any CPU.Build.0 = Debug|Any CPU
		{5F980A50-D5B8-43A0-8E26-0B1979C47448}.Debug|Any CPU.Deploy.0 = Debug|Any CPU
		{5F980A50-D5B8-43A0-8E26-0B1979C47448}.Debug|iPhone.ActiveCfg = Debug|Any CPU
		{5F980A50-D5B8-43A0-8E26-0B1979C47448}.Debug|iPhone.Build.0 = Debug|Any CPU
		{5F980A50-D5B8-43A0-8E26-0B1979C47448}.Debug|iPhone.Deploy.0 = Debug|Any CPU
		{5F980A50-D5B8-43A0-8E26-0B1979C47448}.Debug|iPhoneSimulator.ActiveCfg = Debug|Any CPU
		{5F980A50-D5B8-43A0-8E26-0B1979C47448}.Debug|iPhoneSimulator.Build.0 = Debug|Any CPU
		{5F980A50-D5B8-43A0-8E26-0B1979C47448}.Debug|iPhoneSimulator.Deploy.0 = Debug|Any CPU
		{5F980A50-D5B8-43A0-8E26-0B1979C47448}.Release|Any CPU.ActiveCfg = Release|Any CPU
		{5F980A50-D5B8-43A0-8E26-0B1979C47448}.Release|Any CPU.Build.0 = Release|Any CPU
		{5F980A50-D5B8-43A0-8E26-0B1979C47448}.Release|Any CPU.Deploy.0 = Release|Any CPU
		{5F980A50-D5B8-43A0-8E26-0B1979C47448}.Release|iPhone.ActiveCfg = Release|Any CPU
		{5F980A50-D5B8-43A0-8E26-0B1979C47448}.Release|iPhone.Build.0 = Release|Any CPU
		{5F980A50-D5B8-43A0-8E26-0B1979C47448}.Release|iPhone.Deploy.0 = Release|Any CPU
		{5F980A50-D5B8-43A0-8E26-0B1979C47448}.Release|iPhoneSimulator.ActiveCfg = Release|Any CPU
		{5F980A50-D5B8-43A0-8E26-0B1979C47448}.Release|iPhoneSimulator.Build.0 = Release|Any CPU
		{5F980A50-D5B8-43A0-8E26-0B1979C47448}.Release|iPhoneSimulator.Deploy.0 = Release|Any CPU
	EndGlobalSection
EndGlobal
